
Microsoft Visual Studio Solution File, Format Version 12.00
# Visual Studio Version 17
VisualStudioVersion = 17.6.33815.320
MinimumVisualStudioVersion = 10.0.40219.1
Project("{FAE04EC0-301F-11D3-BF4B-00C04F79EFBC}") = "WebApp", "WebApp.csproj", "{535834AD-3A9F-48BB-BC2D-7E4CC3582104}"
EndProject
Global
	GlobalSection(SolutionConfigurationPlatforms) = preSolution
		Debug|Any CPU = Debug|Any CPU
		Release|Any CPU = Release|Any CPU
	EndGlobalSection
	GlobalSection(ProjectConfigurationPlatforms) = postSolution
		{535834AD-3A9F-48BB-BC2D-7E4CC3582104}.Debug|Any CPU.ActiveCfg = Debug|Any CPU
		{535834AD-3A9F-48BB-BC2D-7E4CC3582104}.Debug|Any CPU.Build.0 = Debug|Any CPU
		{535834AD-3A9F-48BB-BC2D-7E4CC3582104}.Release|Any CPU.ActiveCfg = Release|Any CPU
		{535834AD-3A9F-48BB-BC2D-7E4CC3582104}.Release|Any CPU.Build.0 = Release|Any CPU
	EndGlobalSection
	GlobalSection(SolutionProperties) = preSolution
		HideSolutionNode = FALSE
	EndGlobalSection
	GlobalSection(ExtensibilityGlobals) = postSolution
		SolutionGuid = {E4108ABF-DB92-4C0F-92DD-EE4FC841A400}
	EndGlobalSection
EndGlobal
